
Microsoft Visual Studio Solution File, Format Version 12.00
# Visual Studio Version 17
VisualStudioVersion = 17.2.32616.157
MinimumVisualStudioVersion = 10.0.40219.1
Project("{9A19103F-16F7-4668-BE54-9A1E7A4F7556}") = "TitanTecTest.API", "TitanTecTest.API\TitanTecTest.API.csproj", "{48AE2796-F78F-4E76-A538-D015D97373AE}"
EndProject
Project("{9A19103F-16F7-4668-BE54-9A1E7A4F7556}") = "TitanTecTest.BL", "TitanTecTest.BL\TitanTecTest.BL.csproj", "{76C7A044-8D1C-4588-9B2C-E0DED1368581}"
EndProject
Project("{9A19103F-16F7-4668-BE54-9A1E7A4F7556}") = "TitanTecTest.DAL", "TitanTecTest.DAL\TitanTecTest.DAL.csproj", "{DF386BF2-5EF5-498E-8C38-040BFF8F300D}"
EndProject
Project("{FAE04EC0-301F-11D3-BF4B-00C04F79EFBC}") = "TitanTecTest.Files", "TitanTecTest.Files\TitanTecTest.Files.csproj", "{D7E975BE-3365-4C38-88F5-06AA192A0680}"
EndProject
Global
	GlobalSection(SolutionConfigurationPlatforms) = preSolution
		Debug|Any CPU = Debug|Any CPU
		Release|Any CPU = Release|Any CPU
	EndGlobalSection
	GlobalSection(ProjectConfigurationPlatforms) = postSolution
		{48AE2796-F78F-4E76-A538-D015D97373AE}.Debug|Any CPU.ActiveCfg = Debug|Any CPU
		{48AE2796-F78F-4E76-A538-D015D97373AE}.Debug|Any CPU.Build.0 = Debug|Any CPU
		{48AE2796-F78F-4E76-A538-D015D97373AE}.Release|Any CPU.ActiveCfg = Release|Any CPU
		{48AE2796-F78F-4E76-A538-D015D97373AE}.Release|Any CPU.Build.0 = Release|Any CPU
		{76C7A044-8D1C-4588-9B2C-E0DED1368581}.Debug|Any CPU.ActiveCfg = Debug|Any CPU
		{76C7A044-8D1C-4588-9B2C-E0DED1368581}.Debug|Any CPU.Build.0 = Debug|Any CPU
		{76C7A044-8D1C-4588-9B2C-E0DED1368581}.Release|Any CPU.ActiveCfg = Release|Any CPU
		{76C7A044-8D1C-4588-9B2C-E0DED1368581}.Release|Any CPU.Build.0 = Release|Any CPU
		{DF386BF2-5EF5-498E-8C38-040BFF8F300D}.Debug|Any CPU.ActiveCfg = Debug|Any CPU
		{DF386BF2-5EF5-498E-8C38-040BFF8F300D}.Debug|Any CPU.Build.0 = Debug|Any CPU
		{DF386BF2-5EF5-498E-8C38-040BFF8F300D}.Release|Any CPU.ActiveCfg = Release|Any CPU
		{DF386BF2-5EF5-498E-8C38-040BFF8F300D}.Release|Any CPU.Build.0 = Release|Any CPU
		{D7E975BE-3365-4C38-88F5-06AA192A0680}.Debug|Any CPU.ActiveCfg = Debug|Any CPU
		{D7E975BE-3365-4C38-88F5-06AA192A0680}.Debug|Any CPU.Build.0 = Debug|Any CPU
		{D7E975BE-3365-4C38-88F5-06AA192A0680}.Release|Any CPU.ActiveCfg = Release|Any CPU
		{D7E975BE-3365-4C38-88F5-06AA192A0680}.Release|Any CPU.Build.0 = Release|Any CPU
	EndGlobalSection
	GlobalSection(SolutionProperties) = preSolution
		HideSolutionNode = FALSE
	EndGlobalSection
	GlobalSection(ExtensibilityGlobals) = postSolution
		SolutionGuid = {C75E06A0-A8F3-46D4-97D5-54CAA648AFE2}
	EndGlobalSection
EndGlobal
